Microsoft Visual Studio Solution File, Format Version 11.00
# Visual Studio 2008

Project("{989F25E8-E881-D5E0-369E-5879F619B1D1}") = "SadPaddle_Unity4", "Assembly-UnityScript.unityproj", "{089A794F-9E12-E70C-BCD5-7067228B2117}"
EndProject
Global
	GlobalSection(SolutionConfigurationPlatforms) = preSolution
		Debug|Any CPU = Debug|Any CPU
		Release|Any CPU = Release|Any CPU
	EndGlobalSection
	GlobalSection(ProjectConfigurationPlatforms) = postSolution
		{089A794F-9E12-E70C-BCD5-7067228B2117}.Debug|Any CPU.ActiveCfg = Debug|Any CPU
		{089A794F-9E12-E70C-BCD5-7067228B2117}.Debug|Any CPU.Build.0 = Debug|Any CPU
		{089A794F-9E12-E70C-BCD5-7067228B2117}.Release|Any CPU.ActiveCfg = Release|Any CPU
		{089A794F-9E12-E70C-BCD5-7067228B2117}.Release|Any CPU.Build.0 = Release|Any CPU
	EndGlobalSection
	GlobalSection(SolutionProperties) = preSolution
		HideSolutionNode = FALSE
	EndGlobalSection
								GlobalSection(MonoDevelopProperties) = preSolution
		StartupItem = Assembly-CSharp.csproj
		Policies = $0
		$0.TextStylePolicy = $1
		$1.inheritsSet = null
		$1.scope = text/x-csharp
		$0.CSharpFormattingPolicy = $2
		$2.inheritsSet = Mono
		$2.inheritsScope = text/x-csharp
		$2.scope = text/x-csharp
		$0.TextStylePolicy = $3
		$3.FileWidth = 120
		$3.TabWidth = 4
		$3.EolMarker = Unix
		$3.inheritsSet = Mono
		$3.inheritsScope = text/plain
		$3.scope = text/plain
	EndGlobalSection

EndGlobal
