Microsoft Visual Studio Solution File, Format Version 11.00
# Visual Studio 2008

Project("{A0802DE6-4724-A37F-F21D-B63DF4B6B1C5}") = "SadPaddleDeluxeV1.4", "Assembly-CSharp-vs.csproj", "{97A6A03E-BDD0-193F-3324-165F80A38392}"
EndProject
Project("{A0802DE6-4724-A37F-F21D-B63DF4B6B1C5}") = "SadPaddleDeluxeV1.4", "Assembly-CSharp-Editor-vs.csproj", "{BD7D7D5D-CD74-F5F9-38E9-935689DC2FF5}"
EndProject
Global
	GlobalSection(SolutionConfigurationPlatforms) = preSolution
		Debug|Any CPU = Debug|Any CPU
		Release|Any CPU = Release|Any CPU
	EndGlobalSection
	GlobalSection(ProjectConfigurationPlatforms) = postSolution
		{97A6A03E-BDD0-193F-3324-165F80A38392}.Debug|Any CPU.ActiveCfg = Debug|Any CPU
		{97A6A03E-BDD0-193F-3324-165F80A38392}.Debug|Any CPU.Build.0 = Debug|Any CPU
		{97A6A03E-BDD0-193F-3324-165F80A38392}.Release|Any CPU.ActiveCfg = Release|Any CPU
		{97A6A03E-BDD0-193F-3324-165F80A38392}.Release|Any CPU.Build.0 = Release|Any CPU
		{BD7D7D5D-CD74-F5F9-38E9-935689DC2FF5}.Debug|Any CPU.ActiveCfg = Debug|Any CPU
		{BD7D7D5D-CD74-F5F9-38E9-935689DC2FF5}.Debug|Any CPU.Build.0 = Debug|Any CPU
		{BD7D7D5D-CD74-F5F9-38E9-935689DC2FF5}.Release|Any CPU.ActiveCfg = Release|Any CPU
		{BD7D7D5D-CD74-F5F9-38E9-935689DC2FF5}.Release|Any CPU.Build.0 = Release|Any CPU
	EndGlobalSection
	GlobalSection(SolutionProperties) = preSolution
		HideSolutionNode = FALSE
	EndGlobalSection
																																																																								GlobalSection(MonoDevelopProperties) = preSolution
		StartupItem = Assembly-CSharp.csproj
		Policies = $0
		$0.TextStylePolicy = $1
		$1.inheritsSet = null
		$1.scope = text/x-csharp
		$0.CSharpFormattingPolicy = $2
		$2.inheritsSet = Mono
		$2.inheritsScope = text/x-csharp
		$2.scope = text/x-csharp
		$0.TextStylePolicy = $3
		$3.FileWidth = 120
		$3.TabWidth = 4
		$3.EolMarker = Unix
		$3.inheritsSet = Mono
		$3.inheritsScope = text/plain
		$3.scope = text/plain
	EndGlobalSection

EndGlobal
